
Microsoft Visual Studio Solution File, Format Version 12.00
# Visual Studio 15
VisualStudioVersion = 15.0.28307.1145
MinimumVisualStudioVersion = 10.0.40219.1
Project("{FAE04EC0-301F-11D3-BF4B-00C04F79EFBC}") = "Sales1.Android", "Sales1\Sales1.Android\Sales1.Android.csproj", "{37B11DEE-202D-4497-974C-F1F15EA815C8}"
EndProject
Project("{FAE04EC0-301F-11D3-BF4B-00C04F79EFBC}") = "Sales1.iOS", "Sales1\Sales1.iOS\Sales1.iOS.csproj", "{025204A5-5872-40C6-A0FC-A6BE05948C10}"
EndProject
Project("{FAE04EC0-301F-11D3-BF4B-00C04F79EFBC}") = "Sales1.UWP", "Sales1\Sales1.UWP\Sales1.UWP.csproj", "{24EA8805-1996-460A-B210-F251F4F0D77F}"
EndProject
Project("{FAE04EC0-301F-11D3-BF4B-00C04F79EFBC}") = "Sales1", "Sales1\Sales1\Sales1.csproj", "{E6BE1A51-A3B9-4954-88AE-55CEFBB5FAAD}"
EndProject
Project("{FAE04EC0-301F-11D3-BF4B-00C04F79EFBC}") = "Sales1.Backend", "Sales1.Backend\Sales1.Backend.csproj", "{B77ADD57-2C30-4EBE-A197-5188145D0E3E}"
EndProject
Project("{FAE04EC0-301F-11D3-BF4B-00C04F79EFBC}") = "Sales1.Api", "Sales1.Api\Sales1.Api.csproj", "{4A1FF820-9424-4806-A87B-8F2C50E5B651}"
EndProject
Project("{FAE04EC0-301F-11D3-BF4B-00C04F79EFBC}") = "Sales1.Domain", "Sales1.Domain\Sales1.Domain.csproj", "{486EF955-A7DC-4D40-8B8E-B575EFE398B5}"
EndProject
Project("{FAE04EC0-301F-11D3-BF4B-00C04F79EFBC}") = "Sales1.Common", "Sales1.Common\Sales1.Common.csproj", "{B0A45949-53B9-49F9-B597-867E6972BB1D}"
EndProject
Global
	GlobalSection(SolutionConfigurationPlatforms) = preSolution
		Ad-Hoc|Any CPU = Ad-Hoc|Any CPU
		Ad-Hoc|ARM = Ad-Hoc|ARM
		Ad-Hoc|iPhone = Ad-Hoc|iPhone
		Ad-Hoc|iPhoneSimulator = Ad-Hoc|iPhoneSimulator
		Ad-Hoc|x64 = Ad-Hoc|x64
		Ad-Hoc|x86 = Ad-Hoc|x86
		AppStore|Any CPU = AppStore|Any CPU
		AppStore|ARM = AppStore|ARM
		AppStore|iPhone = AppStore|iPhone
		AppStore|iPhoneSimulator = AppStore|iPhoneSimulator
		AppStore|x64 = AppStore|x64
		AppStore|x86 = AppStore|x86
		Debug|Any CPU = Debug|Any CPU
		Debug|ARM = Debug|ARM
		Debug|iPhone = Debug|iPhone
		Debug|iPhoneSimulator = Debug|iPhoneSimulator
		Debug|x64 = Debug|x64
		Debug|x86 = Debug|x86
		Release|Any CPU = Release|Any CPU
		Release|ARM = Release|ARM
		Release|iPhone = Release|iPhone
		Release|iPhoneSimulator = Release|iPhoneSimulator
		Release|x64 = Release|x64
		Release|x86 = Release|x86
	EndGlobalSection
	GlobalSection(ProjectConfigurationPlatforms) = postSolution
		{37B11DEE-202D-4497-974C-F1F15EA815C8}.Ad-Hoc|Any CPU.ActiveCfg = Release|Any CPU
		{37B11DEE-202D-4497-974C-F1F15EA815C8}.Ad-Hoc|Any CPU.Build.0 = Release|Any CPU
		{37B11DEE-202D-4497-974C-F1F15EA815C8}.Ad-Hoc|Any CPU.Deploy.0 = Release|Any CPU
		{37B11DEE-202D-4497-974C-F1F15EA815C8}.Ad-Hoc|ARM.ActiveCfg = Release|Any CPU
		{37B11DEE-202D-4497-974C-F1F15EA815C8}.Ad-Hoc|ARM.Build.0 = Release|Any CPU
		{37B11DEE-202D-4497-974C-F1F15EA815C8}.Ad-Hoc|ARM.Deploy.0 = Release|Any CPU
		{37B11DEE-202D-4497-974C-F1F15EA815C8}.Ad-Hoc|iPhone.ActiveCfg = Release|Any CPU
		{37B11DEE-202D-4497-974C-F1F15EA815C8}.Ad-Hoc|iPhone.Build.0 = Release|Any CPU
		{37B11DEE-202D-4497-974C-F1F15EA815C8}.Ad-Hoc|iPhone.Deploy.0 = Release|Any CPU
		{37B11DEE-202D-4497-974C-F1F15EA815C8}.Ad-Hoc|iPhoneSimulator.ActiveCfg = Release|Any CPU
		{37B11DEE-202D-4497-974C-F1F15EA815C8}.Ad-Hoc|iPhoneSimulator.Build.0 = Release|Any CPU
		{37B11DEE-202D-4497-974C-F1F15EA815C8}.Ad-Hoc|iPhoneSimulator.Deploy.0 = Release|Any CPU
		{37B11DEE-202D-4497-974C-F1F15EA815C8}.Ad-Hoc|x64.ActiveCfg = Release|Any CPU
		{37B11DEE-202D-4497-974C-F1F15EA815C8}.Ad-Hoc|x64.Build.0 = Release|Any CPU
		{37B11DEE-202D-4497-974C-F1F15EA815C8}.Ad-Hoc|x64.Deploy.0 = Release|Any CPU
		{37B11DEE-202D-4497-974C-F1F15EA815C8}.Ad-Hoc|x86.ActiveCfg = Release|Any CPU
		{37B11DEE-202D-4497-974C-F1F15EA815C8}.Ad-Hoc|x86.Build.0 = Release|Any CPU
		{37B11DEE-202D-4497-974C-F1F15EA815C8}.Ad-Hoc|x86.Deploy.0 = Release|Any CPU
		{37B11DEE-202D-4497-974C-F1F15EA815C8}.AppStore|Any CPU.ActiveCfg = Release|Any CPU
		{37B11DEE-202D-4497-974C-F1F15EA815C8}.AppStore|Any CPU.Build.0 = Release|Any CPU
		{37B11DEE-202D-4497-974C-F1F15EA815C8}.AppStore|Any CPU.Deploy.0 = Release|Any CPU
		{37B11DEE-202D-4497-974C-F1F15EA815C8}.AppStore|ARM.ActiveCfg = Release|Any CPU
		{37B11DEE-202D-4497-974C-F1F15EA815C8}.AppStore|ARM.Build.0 = Release|Any CPU
		{37B11DEE-202D-4497-974C-F1F15EA815C8}.AppStore|ARM.Deploy.0 = Release|Any CPU
		{37B11DEE-202D-4497-974C-F1F15EA815C8}.AppStore|iPhone.ActiveCfg = Release|Any CPU
		{37B11DEE-202D-4497-974C-F1F15EA815C8}.AppStore|iPhone.Build.0 = Release|Any CPU
		{37B11DEE-202D-4497-974C-F1F15EA815C8}.AppStore|iPhone.Deploy.0 = Release|Any CPU
		{37B11DEE-202D-4497-974C-F1F15EA815C8}.AppStore|iPhoneSimulator.ActiveCfg = Release|Any CPU
		{37B11DEE-202D-4497-974C-F1F15EA815C8}.AppStore|iPhoneSimulator.Build.0 = Release|Any CPU
		{37B11DEE-202D-4497-974C-F1F15EA815C8}.AppStore|iPhoneSimulator.Deploy.0 = Release|Any CPU
		{37B11DEE-202D-4497-974C-F1F15EA815C8}.AppStore|x64.ActiveCfg = Release|Any CPU
		{37B11DEE-202D-4497-974C-F1F15EA815C8}.AppStore|x64.Build.0 = Release|Any CPU
		{37B11DEE-202D-4497-974C-F1F15EA815C8}.AppStore|x64.Deploy.0 = Release|Any CPU
		{37B11DEE-202D-4497-974C-F1F15EA815C8}.AppStore|x86.ActiveCfg = Release|Any CPU
		{37B11DEE-202D-4497-974C-F1F15EA815C8}.AppStore|x86.Build.0 = Release|Any CPU
		{37B11DEE-202D-4497-974C-F1F15EA815C8}.AppStore|x86.Deploy.0 = Release|Any CPU
		{37B11DEE-202D-4497-974C-F1F15EA815C8}.Debug|Any CPU.ActiveCfg = Debug|Any CPU
		{37B11DEE-202D-4497-974C-F1F15EA815C8}.Debug|Any CPU.Build.0 = Debug|Any CPU
		{37B11DEE-202D-4497-974C-F1F15EA815C8}.Debug|Any CPU.Deploy.0 = Debug|Any CPU
		{37B11DEE-202D-4497-974C-F1F15EA815C8}.Debug|ARM.ActiveCfg = Debug|Any CPU
		{37B11DEE-202D-4497-974C-F1F15EA815C8}.Debug|ARM.Build.0 = Debug|Any CPU
		{37B11DEE-202D-4497-974C-F1F15EA815C8}.Debug|ARM.Deploy.0 = Debug|Any CPU
		{37B11DEE-202D-4497-974C-F1F15EA815C8}.Debug|iPhone.ActiveCfg = Debug|Any CPU
		{37B11DEE-202D-4497-974C-F1F15EA815C8}.Debug|iPhone.Build.0 = Debug|Any CPU
		{37B11DEE-202D-4497-974C-F1F15EA815C8}.Debug|iPhone.Deploy.0 = Debug|Any CPU
		{37B11DEE-202D-4497-974C-F1F15EA815C8}.Debug|iPhoneSimulator.ActiveCfg = Debug|Any CPU
		{37B11DEE-202D-4497-974C-F1F15EA815C8}.Debug|iPhoneSimulator.Build.0 = Debug|Any CPU
		{37B11DEE-202D-4497-974C-F1F15EA815C8}.Debug|iPhoneSimulator.Deploy.0 = Debug|Any CPU
		{37B11DEE-202D-4497-974C-F1F15EA815C8}.Debug|x64.ActiveCfg = Debug|Any CPU
		{37B11DEE-202D-4497-974C-F1F15EA815C8}.Debug|x64.Build.0 = Debug|Any CPU
		{37B11DEE-202D-4497-974C-F1F15EA815C8}.Debug|x64.Deploy.0 = Debug|Any CPU
		{37B11DEE-202D-4497-974C-F1F15EA815C8}.Debug|x86.ActiveCfg = Debug|Any CPU
		{37B11DEE-202D-4497-974C-F1F15EA815C8}.Debug|x86.Build.0 = Debug|Any CPU
		{37B11DEE-202D-4497-974C-F1F15EA815C8}.Debug|x86.Deploy.0 = Debug|Any CPU
		{37B11DEE-202D-4497-974C-F1F15EA815C8}.Release|Any CPU.ActiveCfg = Release|Any CPU
		{37B11DEE-202D-4497-974C-F1F15EA815C8}.Release|Any CPU.Build.0 = Release|Any CPU
		{37B11DEE-202D-4497-974C-F1F15EA815C8}.Release|Any CPU.Deploy.0 = Release|Any CPU
		{37B11DEE-202D-4497-974C-F1F15EA815C8}.Release|ARM.ActiveCfg = Release|Any CPU
		{37B11DEE-202D-4497-974C-F1F15EA815C8}.Release|ARM.Build.0 = Release|Any CPU
		{37B11DEE-202D-4497-974C-F1F15EA815C8}.Release|ARM.Deploy.0 = Release|Any CPU
		{37B11DEE-202D-4497-974C-F1F15EA815C8}.Release|iPhone.ActiveCfg = Release|Any CPU
		{37B11DEE-202D-4497-974C-F1F15EA815C8}.Release|iPhone.Build.0 = Release|Any CPU
		{37B11DEE-202D-4497-974C-F1F15EA815C8}.Release|iPhone.Deploy.0 = Release|Any CPU
		{37B11DEE-202D-4497-974C-F1F15EA815C8}.Release|iPhoneSimulator.ActiveCfg = Release|Any CPU
		{37B11DEE-202D-4497-974C-F1F15EA815C8}.Release|iPhoneSimulator.Build.0 = Release|Any CPU
		{37B11DEE-202D-4497-974C-F1F15EA815C8}.Release|iPhoneSimulator.Deploy.0 = Release|Any CPU
		{37B11DEE-202D-4497-974C-F1F15EA815C8}.Release|x64.ActiveCfg = Release|Any CPU
		{37B11DEE-202D-4497-974C-F1F15EA815C8}.Release|x64.Build.0 = Release|Any CPU
		{37B11DEE-202D-4497-974C-F1F15EA815C8}.Release|x64.Deploy.0 = Release|Any CPU
		{37B11DEE-202D-4497-974C-F1F15EA815C8}.Release|x86.ActiveCfg = Release|Any CPU
		{37B11DEE-202D-4497-974C-F1F15EA815C8}.Release|x86.Build.0 = Release|Any CPU
		{37B11DEE-202D-4497-974C-F1F15EA815C8}.Release|x86.Deploy.0 = Release|Any CPU
		{025204A5-5872-40C6-A0FC-A6BE05948C10}.Ad-Hoc|Any CPU.ActiveCfg = Ad-Hoc|iPhone
		{025204A5-5872-40C6-A0FC-A6BE05948C10}.Ad-Hoc|Any CPU.Build.0 = Ad-Hoc|iPhone
		{025204A5-5872-40C6-A0FC-A6BE05948C10}.Ad-Hoc|Any CPU.Deploy.0 = Ad-Hoc|iPhone
		{025204A5-5872-40C6-A0FC-A6BE05948C10}.Ad-Hoc|ARM.ActiveCfg = Ad-Hoc|iPhone
		{025204A5-5872-40C6-A0FC-A6BE05948C10}.Ad-Hoc|ARM.Build.0 = Ad-Hoc|iPhone
		{025204A5-5872-40C6-A0FC-A6BE05948C10}.Ad-Hoc|ARM.Deploy.0 = Ad-Hoc|iPhone
		{025204A5-5872-40C6-A0FC-A6BE05948C10}.Ad-Hoc|iPhone.ActiveCfg = Ad-Hoc|iPhone
		{025204A5-5872-40C6-A0FC-A6BE05948C10}.Ad-Hoc|iPhone.Build.0 = Ad-Hoc|iPhone
		{025204A5-5872-40C6-A0FC-A6BE05948C10}.Ad-Hoc|iPhone.Deploy.0 = Ad-Hoc|iPhone
		{025204A5-5872-40C6-A0FC-A6BE05948C10}.Ad-Hoc|iPhoneSimulator.ActiveCfg = Ad-Hoc|iPhoneSimulator
		{025204A5-5872-40C6-A0FC-A6BE05948C10}.Ad-Hoc|iPhoneSimulator.Build.0 = Ad-Hoc|iPhoneSimulator
		{025204A5-5872-40C6-A0FC-A6BE05948C10}.Ad-Hoc|iPhoneSimulator.Deploy.0 = Ad-Hoc|iPhoneSimulator
		{025204A5-5872-40C6-A0FC-A6BE05948C10}.Ad-Hoc|x64.ActiveCfg = Ad-Hoc|iPhone
		{025204A5-5872-40C6-A0FC-A6BE05948C10}.Ad-Hoc|x64.Build.0 = Ad-Hoc|iPhone
		{025204A5-5872-40C6-A0FC-A6BE05948C10}.Ad-Hoc|x64.Deploy.0 = Ad-Hoc|iPhone
		{025204A5-5872-40C6-A0FC-A6BE05948C10}.Ad-Hoc|x86.ActiveCfg = Ad-Hoc|iPhone
		{025204A5-5872-40C6-A0FC-A6BE05948C10}.Ad-Hoc|x86.Build.0 = Ad-Hoc|iPhone
		{025204A5-5872-40C6-A0FC-A6BE05948C10}.Ad-Hoc|x86.Deploy.0 = Ad-Hoc|iPhone
		{025204A5-5872-40C6-A0FC-A6BE05948C10}.AppStore|Any CPU.ActiveCfg = AppStore|iPhone
		{025204A5-5872-40C6-A0FC-A6BE05948C10}.AppStore|Any CPU.Build.0 = AppStore|iPhone
		{025204A5-5872-40C6-A0FC-A6BE05948C10}.AppStore|Any CPU.Deploy.0 = AppStore|iPhone
		{025204A5-5872-40C6-A0FC-A6BE05948C10}.AppStore|ARM.ActiveCfg = AppStore|iPhone
		{025204A5-5872-40C6-A0FC-A6BE05948C10}.AppStore|ARM.Build.0 = AppStore|iPhone
		{025204A5-5872-40C6-A0FC-A6BE05948C10}.AppStore|ARM.Deploy.0 = AppStore|iPhone
		{025204A5-5872-40C6-A0FC-A6BE05948C10}.AppStore|iPhone.ActiveCfg = AppStore|iPhone
		{025204A5-5872-40C6-A0FC-A6BE05948C10}.AppStore|iPhone.Build.0 = AppStore|iPhone
		{025204A5-5872-40C6-A0FC-A6BE05948C10}.AppStore|iPhone.Deploy.0 = AppStore|iPhone
		{025204A5-5872-40C6-A0FC-A6BE05948C10}.AppStore|iPhoneSimulator.ActiveCfg = AppStore|iPhoneSimulator
		{025204A5-5872-40C6-A0FC-A6BE05948C10}.AppStore|iPhoneSimulator.Build.0 = AppStore|iPhoneSimulator
		{025204A5-5872-40C6-A0FC-A6BE05948C10}.AppStore|iPhoneSimulator.Deploy.0 = AppStore|iPhoneSimulator
		{025204A5-5872-40C6-A0FC-A6BE05948C10}.AppStore|x64.ActiveCfg = AppStore|iPhone
		{025204A5-5872-40C6-A0FC-A6BE05948C10}.AppStore|x64.Build.0 = AppStore|iPhone
		{025204A5-5872-40C6-A0FC-A6BE05948C10}.AppStore|x64.Deploy.0 = AppStore|iPhone
		{025204A5-5872-40C6-A0FC-A6BE05948C10}.AppStore|x86.ActiveCfg = AppStore|iPhone
		{025204A5-5872-40C6-A0FC-A6BE05948C10}.AppStore|x86.Build.0 = AppStore|iPhone
		{025204A5-5872-40C6-A0FC-A6BE05948C10}.AppStore|x86.Deploy.0 = AppStore|iPhone
		{025204A5-5872-40C6-A0FC-A6BE05948C10}.Debug|Any CPU.ActiveCfg = Debug|iPhoneSimulator
		{025204A5-5872-40C6-A0FC-A6BE05948C10}.Debug|Any CPU.Build.0 = Debug|iPhoneSimulator
		{025204A5-5872-40C6-A0FC-A6BE05948C10}.Debug|Any CPU.Deploy.0 = Debug|iPhoneSimulator
		{025204A5-5872-40C6-A0FC-A6BE05948C10}.Debug|ARM.ActiveCfg = Debug|iPhone
		{025204A5-5872-40C6-A0FC-A6BE05948C10}.Debug|ARM.Build.0 = Debug|iPhone
		{025204A5-5872-40C6-A0FC-A6BE05948C10}.Debug|ARM.Deploy.0 = Debug|iPhone
		{025204A5-5872-40C6-A0FC-A6BE05948C10}.Debug|iPhone.ActiveCfg = Debug|iPhone
		{025204A5-5872-40C6-A0FC-A6BE05948C10}.Debug|iPhone.Build.0 = Debug|iPhone
		{025204A5-5872-40C6-A0FC-A6BE05948C10}.Debug|iPhone.Deploy.0 = Debug|iPhone
		{025204A5-5872-40C6-A0FC-A6BE05948C10}.Debug|iPhoneSimulator.ActiveCfg = Debug|iPhoneSimulator
		{025204A5-5872-40C6-A0FC-A6BE05948C10}.Debug|iPhoneSimulator.Build.0 = Debug|iPhoneSimulator
		{025204A5-5872-40C6-A0FC-A6BE05948C10}.Debug|iPhoneSimulator.Deploy.0 = Debug|iPhoneSimulator
		{025204A5-5872-40C6-A0FC-A6BE05948C10}.Debug|x64.ActiveCfg = Debug|iPhone
		{025204A5-5872-40C6-A0FC-A6BE05948C10}.Debug|x64.Build.0 = Debug|iPhone
		{025204A5-5872-40C6-A0FC-A6BE05948C10}.Debug|x64.Deploy.0 = Debug|iPhone
		{025204A5-5872-40C6-A0FC-A6BE05948C10}.Debug|x86.ActiveCfg = Debug|iPhone
		{025204A5-5872-40C6-A0FC-A6BE05948C10}.Debug|x86.Build.0 = Debug|iPhone
		{025204A5-5872-40C6-A0FC-A6BE05948C10}.Debug|x86.Deploy.0 = Debug|iPhone
		{025204A5-5872-40C6-A0FC-A6BE05948C10}.Release|Any CPU.ActiveCfg = Release|iPhone
		{025204A5-5872-40C6-A0FC-A6BE05948C10}.Release|Any CPU.Build.0 = Release|iPhone
		{025204A5-5872-40C6-A0FC-A6BE05948C10}.Release|Any CPU.Deploy.0 = Release|iPhone
		{025204A5-5872-40C6-A0FC-A6BE05948C10}.Release|ARM.ActiveCfg = Release|iPhone
		{025204A5-5872-40C6-A0FC-A6BE05948C10}.Release|ARM.Build.0 = Release|iPhone
		{025204A5-5872-40C6-A0FC-A6BE05948C10}.Release|ARM.Deploy.0 = Release|iPhone
		{025204A5-5872-40C6-A0FC-A6BE05948C10}.Release|iPhone.ActiveCfg = Release|iPhone
		{025204A5-5872-40C6-A0FC-A6BE05948C10}.Release|iPhone.Build.0 = Release|iPhone
		{025204A5-5872-40C6-A0FC-A6BE05948C10}.Release|iPhone.Deploy.0 = Release|iPhone
		{025204A5-5872-40C6-A0FC-A6BE05948C10}.Release|iPhoneSimulator.ActiveCfg = Release|iPhoneSimulator
		{025204A5-5872-40C6-A0FC-A6BE05948C10}.Release|iPhoneSimulator.Build.0 = Release|iPhoneSimulator
		{025204A5-5872-40C6-A0FC-A6BE05948C10}.Release|iPhoneSimulator.Deploy.0 = Release|iPhoneSimulator
		{025204A5-5872-40C6-A0FC-A6BE05948C10}.Release|x64.ActiveCfg = Release|iPhone
		{025204A5-5872-40C6-A0FC-A6BE05948C10}.Release|x64.Build.0 = Release|iPhone
		{025204A5-5872-40C6-A0FC-A6BE05948C10}.Release|x64.Deploy.0 = Release|iPhone
		{025204A5-5872-40C6-A0FC-A6BE05948C10}.Release|x86.ActiveCfg = Release|iPhone
		{025204A5-5872-40C6-A0FC-A6BE05948C10}.Release|x86.Build.0 = Release|iPhone
		{025204A5-5872-40C6-A0FC-A6BE05948C10}.Release|x86.Deploy.0 = Release|iPhone
		{24EA8805-1996-460A-B210-F251F4F0D77F}.Ad-Hoc|Any CPU.ActiveCfg = Release|x86
		{24EA8805-1996-460A-B210-F251F4F0D77F}.Ad-Hoc|Any CPU.Build.0 = Release|x86
		{24EA8805-1996-460A-B210-F251F4F0D77F}.Ad-Hoc|Any CPU.Deploy.0 = Release|x86
		{24EA8805-1996-460A-B210-F251F4F0D77F}.Ad-Hoc|ARM.ActiveCfg = Release|ARM
		{24EA8805-1996-460A-B210-F251F4F0D77F}.Ad-Hoc|ARM.Build.0 = Release|ARM
		{24EA8805-1996-460A-B210-F251F4F0D77F}.Ad-Hoc|ARM.Deploy.0 = Release|ARM
		{24EA8805-1996-460A-B210-F251F4F0D77F}.Ad-Hoc|iPhone.ActiveCfg = Release|x86
		{24EA8805-1996-460A-B210-F251F4F0D77F}.Ad-Hoc|iPhone.Build.0 = Release|x86
		{24EA8805-1996-460A-B210-F251F4F0D77F}.Ad-Hoc|iPhone.Deploy.0 = Release|x86
		{24EA8805-1996-460A-B210-F251F4F0D77F}.Ad-Hoc|iPhoneSimulator.ActiveCfg = Release|x86
		{24EA8805-1996-460A-B210-F251F4F0D77F}.Ad-Hoc|iPhoneSimulator.Build.0 = Release|x86
		{24EA8805-1996-460A-B210-F251F4F0D77F}.Ad-Hoc|iPhoneSimulator.Deploy.0 = Release|x86
		{24EA8805-1996-460A-B210-F251F4F0D77F}.Ad-Hoc|x64.ActiveCfg = Release|x64
		{24EA8805-1996-460A-B210-F251F4F0D77F}.Ad-Hoc|x64.Build.0 = Release|x64
		{24EA8805-1996-460A-B210-F251F4F0D77F}.Ad-Hoc|x64.Deploy.0 = Release|x64
		{24EA8805-1996-460A-B210-F251F4F0D77F}.Ad-Hoc|x86.ActiveCfg = Release|x86
		{24EA8805-1996-460A-B210-F251F4F0D77F}.Ad-Hoc|x86.Build.0 = Release|x86
		{24EA8805-1996-460A-B210-F251F4F0D77F}.Ad-Hoc|x86.Deploy.0 = Release|x86
		{24EA8805-1996-460A-B210-F251F4F0D77F}.AppStore|Any CPU.ActiveCfg = Release|x86
		{24EA8805-1996-460A-B210-F251F4F0D77F}.AppStore|Any CPU.Build.0 = Release|x86
		{24EA8805-1996-460A-B210-F251F4F0D77F}.AppStore|Any CPU.Deploy.0 = Release|x86
		{24EA8805-1996-460A-B210-F251F4F0D77F}.AppStore|ARM.ActiveCfg = Release|ARM
		{24EA8805-1996-460A-B210-F251F4F0D77F}.AppStore|ARM.Build.0 = Release|ARM
		{24EA8805-1996-460A-B210-F251F4F0D77F}.AppStore|ARM.Deploy.0 = Release|ARM
		{24EA8805-1996-460A-B210-F251F4F0D77F}.AppStore|iPhone.ActiveCfg = Release|x86
		{24EA8805-1996-460A-B210-F251F4F0D77F}.AppStore|iPhone.Build.0 = Release|x86
		{24EA8805-1996-460A-B210-F251F4F0D77F}.AppStore|iPhone.Deploy.0 = Release|x86
		{24EA8805-1996-460A-B210-F251F4F0D77F}.AppStore|iPhoneSimulator.ActiveCfg = Release|x86
		{24EA8805-1996-460A-B210-F251F4F0D77F}.AppStore|iPhoneSimulator.Build.0 = Release|x86
		{24EA8805-1996-460A-B210-F251F4F0D77F}.AppStore|iPhoneSimulator.Deploy.0 = Release|x86
		{24EA8805-1996-460A-B210-F251F4F0D77F}.AppStore|x64.ActiveCfg = Release|x64
		{24EA8805-1996-460A-B210-F251F4F0D77F}.AppStore|x64.Build.0 = Release|x64
		{24EA8805-1996-460A-B210-F251F4F0D77F}.AppStore|x64.Deploy.0 = Release|x64
		{24EA8805-1996-460A-B210-F251F4F0D77F}.AppStore|x86.ActiveCfg = Release|x86
		{24EA8805-1996-460A-B210-F251F4F0D77F}.AppStore|x86.Build.0 = Release|x86
		{24EA8805-1996-460A-B210-F251F4F0D77F}.AppStore|x86.Deploy.0 = Release|x86
		{24EA8805-1996-460A-B210-F251F4F0D77F}.Debug|Any CPU.ActiveCfg = Debug|x86
		{24EA8805-1996-460A-B210-F251F4F0D77F}.Debug|Any CPU.Build.0 = Debug|x86
		{24EA8805-1996-460A-B210-F251F4F0D77F}.Debug|Any CPU.Deploy.0 = Debug|x86
		{24EA8805-1996-460A-B210-F251F4F0D77F}.Debug|ARM.ActiveCfg = Debug|ARM
		{24EA8805-1996-460A-B210-F251F4F0D77F}.Debug|ARM.Build.0 = Debug|ARM
		{24EA8805-1996-460A-B210-F251F4F0D77F}.Debug|ARM.Deploy.0 = Debug|ARM
		{24EA8805-1996-460A-B210-F251F4F0D77F}.Debug|iPhone.ActiveCfg = Debug|x86
		{24EA8805-1996-460A-B210-F251F4F0D77F}.Debug|iPhone.Build.0 = Debug|x86
		{24EA8805-1996-460A-B210-F251F4F0D77F}.Debug|iPhone.Deploy.0 = Debug|x86
		{24EA8805-1996-460A-B210-F251F4F0D77F}.Debug|iPhoneSimulator.ActiveCfg = Debug|x86
		{24EA8805-1996-460A-B210-F251F4F0D77F}.Debug|iPhoneSimulator.Build.0 = Debug|x86
		{24EA8805-1996-460A-B210-F251F4F0D77F}.Debug|iPhoneSimulator.Deploy.0 = Debug|x86
		{24EA8805-1996-460A-B210-F251F4F0D77F}.Debug|x64.ActiveCfg = Debug|x64
		{24EA8805-1996-460A-B210-F251F4F0D77F}.Debug|x64.Build.0 = Debug|x64
		{24EA8805-1996-460A-B210-F251F4F0D77F}.Debug|x64.Deploy.0 = Debug|x64
		{24EA8805-1996-460A-B210-F251F4F0D77F}.Debug|x86.ActiveCfg = Debug|x86
		{24EA8805-1996-460A-B210-F251F4F0D77F}.Debug|x86.Build.0 = Debug|x86
		{24EA8805-1996-460A-B210-F251F4F0D77F}.Debug|x86.Deploy.0 = Debug|x86
		{24EA8805-1996-460A-B210-F251F4F0D77F}.Release|Any CPU.ActiveCfg = Release|x86
		{24EA8805-1996-460A-B210-F251F4F0D77F}.Release|Any CPU.Build.0 = Release|x86
		{24EA8805-1996-460A-B210-F251F4F0D77F}.Release|Any CPU.Deploy.0 = Release|x86
		{24EA8805-1996-460A-B210-F251F4F0D77F}.Release|ARM.ActiveCfg = Release|ARM
		{24EA8805-1996-460A-B210-F251F4F0D77F}.Release|ARM.Build.0 = Release|ARM
		{24EA8805-1996-460A-B210-F251F4F0D77F}.Release|ARM.Deploy.0 = Release|ARM
		{24EA8805-1996-460A-B210-F251F4F0D77F}.Release|iPhone.ActiveCfg = Release|x86
		{24EA8805-1996-460A-B210-F251F4F0D77F}.Release|iPhone.Build.0 = Release|x86
		{24EA8805-1996-460A-B210-F251F4F0D77F}.Release|iPhone.Deploy.0 = Release|x86
		{24EA8805-1996-460A-B210-F251F4F0D77F}.Release|iPhoneSimulator.ActiveCfg = Release|x86
		{24EA8805-1996-460A-B210-F251F4F0D77F}.Release|iPhoneSimulator.Build.0 = Release|x86
		{24EA8805-1996-460A-B210-F251F4F0D77F}.Release|iPhoneSimulator.Deploy.0 = Release|x86
		{24EA8805-1996-460A-B210-F251F4F0D77F}.Release|x64.ActiveCfg = Release|x64
		{24EA8805-1996-460A-B210-F251F4F0D77F}.Release|x64.Build.0 = Release|x64
		{24EA8805-1996-460A-B210-F251F4F0D77F}.Release|x64.Deploy.0 = Release|x64
		{24EA8805-1996-460A-B210-F251F4F0D77F}.Release|x86.ActiveCfg = Release|x86
		{24EA8805-1996-460A-B210-F251F4F0D77F}.Release|x86.Build.0 = Release|x86
		{24EA8805-1996-460A-B210-F251F4F0D77F}.Release|x86.Deploy.0 = Release|x86
		{E6BE1A51-A3B9-4954-88AE-55CEFBB5FAAD}.Ad-Hoc|Any CPU.ActiveCfg = Debug|Any CPU
		{E6BE1A51-A3B9-4954-88AE-55CEFBB5FAAD}.Ad-Hoc|Any CPU.Build.0 = Debug|Any CPU
		{E6BE1A51-A3B9-4954-88AE-55CEFBB5FAAD}.Ad-Hoc|Any CPU.Deploy.0 = Debug|Any CPU
		{E6BE1A51-A3B9-4954-88AE-55CEFBB5FAAD}.Ad-Hoc|ARM.ActiveCfg = Debug|Any CPU
		{E6BE1A51-A3B9-4954-88AE-55CEFBB5FAAD}.Ad-Hoc|ARM.Build.0 = Debug|Any CPU
		{E6BE1A51-A3B9-4954-88AE-55CEFBB5FAAD}.Ad-Hoc|ARM.Deploy.0 = Debug|Any CPU
		{E6BE1A51-A3B9-4954-88AE-55CEFBB5FAAD}.Ad-Hoc|iPhone.ActiveCfg = Debug|Any CPU
		{E6BE1A51-A3B9-4954-88AE-55CEFBB5FAAD}.Ad-Hoc|iPhone.Build.0 = Debug|Any CPU
		{E6BE1A51-A3B9-4954-88AE-55CEFBB5FAAD}.Ad-Hoc|iPhone.Deploy.0 = Debug|Any CPU
		{E6BE1A51-A3B9-4954-88AE-55CEFBB5FAAD}.Ad-Hoc|iPhoneSimulator.ActiveCfg = Debug|Any CPU
		{E6BE1A51-A3B9-4954-88AE-55CEFBB5FAAD}.Ad-Hoc|iPhoneSimulator.Build.0 = Debug|Any CPU
		{E6BE1A51-A3B9-4954-88AE-55CEFBB5FAAD}.Ad-Hoc|iPhoneSimulator.Deploy.0 = Debug|Any CPU
		{E6BE1A51-A3B9-4954-88AE-55CEFBB5FAAD}.Ad-Hoc|x64.ActiveCfg = Debug|Any CPU
		{E6BE1A51-A3B9-4954-88AE-55CEFBB5FAAD}.Ad-Hoc|x64.Build.0 = Debug|Any CPU
		{E6BE1A51-A3B9-4954-88AE-55CEFBB5FAAD}.Ad-Hoc|x64.Deploy.0 = Debug|Any CPU
		{E6BE1A51-A3B9-4954-88AE-55CEFBB5FAAD}.Ad-Hoc|x86.ActiveCfg = Debug|Any CPU
		{E6BE1A51-A3B9-4954-88AE-55CEFBB5FAAD}.Ad-Hoc|x86.Build.0 = Debug|Any CPU
		{E6BE1A51-A3B9-4954-88AE-55CEFBB5FAAD}.Ad-Hoc|x86.Deploy.0 = Debug|Any CPU
		{E6BE1A51-A3B9-4954-88AE-55CEFBB5FAAD}.AppStore|Any CPU.ActiveCfg = Debug|Any CPU
		{E6BE1A51-A3B9-4954-88AE-55CEFBB5FAAD}.AppStore|Any CPU.Build.0 = Debug|Any CPU
		{E6BE1A51-A3B9-4954-88AE-55CEFBB5FAAD}.AppStore|Any CPU.Deploy.0 = Debug|Any CPU
		{E6BE1A51-A3B9-4954-88AE-55CEFBB5FAAD}.AppStore|ARM.ActiveCfg = Debug|Any CPU
		{E6BE1A51-A3B9-4954-88AE-55CEFBB5FAAD}.AppStore|ARM.Build.0 = Debug|Any CPU
		{E6BE1A51-A3B9-4954-88AE-55CEFBB5FAAD}.AppStore|ARM.Deploy.0 = Debug|Any CPU
		{E6BE1A51-A3B9-4954-88AE-55CEFBB5FAAD}.AppStore|iPhone.ActiveCfg = Debug|Any CPU
		{E6BE1A51-A3B9-4954-88AE-55CEFBB5FAAD}.AppStore|iPhone.Build.0 = Debug|Any CPU
		{E6BE1A51-A3B9-4954-88AE-55CEFBB5FAAD}.AppStore|iPhone.Deploy.0 = Debug|Any CPU
		{E6BE1A51-A3B9-4954-88AE-55CEFBB5FAAD}.AppStore|iPhoneSimulator.ActiveCfg = Debug|Any CPU
		{E6BE1A51-A3B9-4954-88AE-55CEFBB5FAAD}.AppStore|iPhoneSimulator.Build.0 = Debug|Any CPU
		{E6BE1A51-A3B9-4954-88AE-55CEFBB5FAAD}.AppStore|iPhoneSimulator.Deploy.0 = Debug|Any CPU
		{E6BE1A51-A3B9-4954-88AE-55CEFBB5FAAD}.AppStore|x64.ActiveCfg = Debug|Any CPU
		{E6BE1A51-A3B9-4954-88AE-55CEFBB5FAAD}.AppStore|x64.Build.0 = Debug|Any CPU
		{E6BE1A51-A3B9-4954-88AE-55CEFBB5FAAD}.AppStore|x64.Deploy.0 = Debug|Any CPU
		{E6BE1A51-A3B9-4954-88AE-55CEFBB5FAAD}.AppStore|x86.ActiveCfg = Debug|Any CPU
		{E6BE1A51-A3B9-4954-88AE-55CEFBB5FAAD}.AppStore|x86.Build.0 = Debug|Any CPU
		{E6BE1A51-A3B9-4954-88AE-55CEFBB5FAAD}.AppStore|x86.Deploy.0 = Debug|Any CPU
		{E6BE1A51-A3B9-4954-88AE-55CEFBB5FAAD}.Debug|Any CPU.ActiveCfg = Debug|Any CPU
		{E6BE1A51-A3B9-4954-88AE-55CEFBB5FAAD}.Debug|Any CPU.Build.0 = Debug|Any CPU
		{E6BE1A51-A3B9-4954-88AE-55CEFBB5FAAD}.Debug|Any CPU.Deploy.0 = Debug|Any CPU
		{E6BE1A51-A3B9-4954-88AE-55CEFBB5FAAD}.Debug|ARM.ActiveCfg = Debug|Any CPU
		{E6BE1A51-A3B9-4954-88AE-55CEFBB5FAAD}.Debug|ARM.Build.0 = Debug|Any CPU
		{E6BE1A51-A3B9-4954-88AE-55CEFBB5FAAD}.Debug|ARM.Deploy.0 = Debug|Any CPU
		{E6BE1A51-A3B9-4954-88AE-55CEFBB5FAAD}.Debug|iPhone.ActiveCfg = Debug|Any CPU
		{E6BE1A51-A3B9-4954-88AE-55CEFBB5FAAD}.Debug|iPhone.Build.0 = Debug|Any CPU
		{E6BE1A51-A3B9-4954-88AE-55CEFBB5FAAD}.Debug|iPhone.Deploy.0 = Debug|Any CPU
		{E6BE1A51-A3B9-4954-88AE-55CEFBB5FAAD}.Debug|iPhoneSimulator.ActiveCfg = Debug|Any CPU
		{E6BE1A51-A3B9-4954-88AE-55CEFBB5FAAD}.Debug|iPhoneSimulator.Build.0 = Debug|Any CPU
		{E6BE1A51-A3B9-4954-88AE-55CEFBB5FAAD}.Debug|iPhoneSimulator.Deploy.0 = Debug|Any CPU
		{E6BE1A51-A3B9-4954-88AE-55CEFBB5FAAD}.Debug|x64.ActiveCfg = Debug|Any CPU
		{E6BE1A51-A3B9-4954-88AE-55CEFBB5FAAD}.Debug|x64.Build.0 = Debug|Any CPU
		{E6BE1A51-A3B9-4954-88AE-55CEFBB5FAAD}.Debug|x64.Deploy.0 = Debug|Any CPU
		{E6BE1A51-A3B9-4954-88AE-55CEFBB5FAAD}.Debug|x86.ActiveCfg = Debug|Any CPU
		{E6BE1A51-A3B9-4954-88AE-55CEFBB5FAAD}.Debug|x86.Build.0 = Debug|Any CPU
		{E6BE1A51-A3B9-4954-88AE-55CEFBB5FAAD}.Debug|x86.Deploy.0 = Debug|Any CPU
		{E6BE1A51-A3B9-4954-88AE-55CEFBB5FAAD}.Release|Any CPU.ActiveCfg = Release|Any CPU
		{E6BE1A51-A3B9-4954-88AE-55CEFBB5FAAD}.Release|Any CPU.Build.0 = Release|Any CPU
		{E6BE1A51-A3B9-4954-88AE-55CEFBB5FAAD}.Release|Any CPU.Deploy.0 = Release|Any CPU
		{E6BE1A51-A3B9-4954-88AE-55CEFBB5FAAD}.Release|ARM.ActiveCfg = Release|Any CPU
		{E6BE1A51-A3B9-4954-88AE-55CEFBB5FAAD}.Release|ARM.Build.0 = Release|Any CPU
		{E6BE1A51-A3B9-4954-88AE-55CEFBB5FAAD}.Release|ARM.Deploy.0 = Release|Any CPU
		{E6BE1A51-A3B9-4954-88AE-55CEFBB5FAAD}.Release|iPhone.ActiveCfg = Release|Any CPU
		{E6BE1A51-A3B9-4954-88AE-55CEFBB5FAAD}.Release|iPhone.Build.0 = Release|Any CPU
		{E6BE1A51-A3B9-4954-88AE-55CEFBB5FAAD}.Release|iPhone.Deploy.0 = Release|Any CPU
		{E6BE1A51-A3B9-4954-88AE-55CEFBB5FAAD}.Release|iPhoneSimulator.ActiveCfg = Release|Any CPU
		{E6BE1A51-A3B9-4954-88AE-55CEFBB5FAAD}.Release|iPhoneSimulator.Build.0 = Release|Any CPU
		{E6BE1A51-A3B9-4954-88AE-55CEFBB5FAAD}.Release|iPhoneSimulator.Deploy.0 = Release|Any CPU
		{E6BE1A51-A3B9-4954-88AE-55CEFBB5FAAD}.Release|x64.ActiveCfg = Release|Any CPU
		{E6BE1A51-A3B9-4954-88AE-55CEFBB5FAAD}.Release|x64.Build.0 = Release|Any CPU
		{E6BE1A51-A3B9-4954-88AE-55CEFBB5FAAD}.Release|x64.Deploy.0 = Release|Any CPU
		{E6BE1A51-A3B9-4954-88AE-55CEFBB5FAAD}.Release|x86.ActiveCfg = Release|Any CPU
		{E6BE1A51-A3B9-4954-88AE-55CEFBB5FAAD}.Release|x86.Build.0 = Release|Any CPU
		{E6BE1A51-A3B9-4954-88AE-55CEFBB5FAAD}.Release|x86.Deploy.0 = Release|Any CPU
		{B77ADD57-2C30-4EBE-A197-5188145D0E3E}.Ad-Hoc|Any CPU.ActiveCfg = Release|Any CPU
		{B77ADD57-2C30-4EBE-A197-5188145D0E3E}.Ad-Hoc|Any CPU.Build.0 = Release|Any CPU
		{B77ADD57-2C30-4EBE-A197-5188145D0E3E}.Ad-Hoc|ARM.ActiveCfg = Release|Any CPU
		{B77ADD57-2C30-4EBE-A197-5188145D0E3E}.Ad-Hoc|ARM.Build.0 = Release|Any CPU
		{B77ADD57-2C30-4EBE-A197-5188145D0E3E}.Ad-Hoc|iPhone.ActiveCfg = Release|Any CPU
		{B77ADD57-2C30-4EBE-A197-5188145D0E3E}.Ad-Hoc|iPhone.Build.0 = Release|Any CPU
		{B77ADD57-2C30-4EBE-A197-5188145D0E3E}.Ad-Hoc|iPhoneSimulator.ActiveCfg = Release|Any CPU
		{B77ADD57-2C30-4EBE-A197-5188145D0E3E}.Ad-Hoc|iPhoneSimulator.Build.0 = Release|Any CPU
		{B77ADD57-2C30-4EBE-A197-5188145D0E3E}.Ad-Hoc|x64.ActiveCfg = Release|Any CPU
		{B77ADD57-2C30-4EBE-A197-5188145D0E3E}.Ad-Hoc|x64.Build.0 = Release|Any CPU
		{B77ADD57-2C30-4EBE-A197-5188145D0E3E}.Ad-Hoc|x86.ActiveCfg = Release|Any CPU
		{B77ADD57-2C30-4EBE-A197-5188145D0E3E}.Ad-Hoc|x86.Build.0 = Release|Any CPU
		{B77ADD57-2C30-4EBE-A197-5188145D0E3E}.AppStore|Any CPU.ActiveCfg = Release|Any CPU
		{B77ADD57-2C30-4EBE-A197-5188145D0E3E}.AppStore|Any CPU.Build.0 = Release|Any CPU
		{B77ADD57-2C30-4EBE-A197-5188145D0E3E}.AppStore|ARM.ActiveCfg = Release|Any CPU
		{B77ADD57-2C30-4EBE-A197-5188145D0E3E}.AppStore|ARM.Build.0 = Release|Any CPU
		{B77ADD57-2C30-4EBE-A197-5188145D0E3E}.AppStore|iPhone.ActiveCfg = Release|Any CPU
		{B77ADD57-2C30-4EBE-A197-5188145D0E3E}.AppStore|iPhone.Build.0 = Release|Any CPU
		{B77ADD57-2C30-4EBE-A197-5188145D0E3E}.AppStore|iPhoneSimulator.ActiveCfg = Release|Any CPU
		{B77ADD57-2C30-4EBE-A197-5188145D0E3E}.AppStore|iPhoneSimulator.Build.0 = Release|Any CPU
		{B77ADD57-2C30-4EBE-A197-5188145D0E3E}.AppStore|x64.ActiveCfg = Release|Any CPU
		{B77ADD57-2C30-4EBE-A197-5188145D0E3E}.AppStore|x64.Build.0 = Release|Any CPU
		{B77ADD57-2C30-4EBE-A197-5188145D0E3E}.AppStore|x86.ActiveCfg = Release|Any CPU
		{B77ADD57-2C30-4EBE-A197-5188145D0E3E}.AppStore|x86.Build.0 = Release|Any CPU
		{B77ADD57-2C30-4EBE-A197-5188145D0E3E}.Debug|Any CPU.ActiveCfg = Debug|Any CPU
		{B77ADD57-2C30-4EBE-A197-5188145D0E3E}.Debug|Any CPU.Build.0 = Debug|Any CPU
		{B77ADD57-2C30-4EBE-A197-5188145D0E3E}.Debug|ARM.ActiveCfg = Debug|Any CPU
		{B77ADD57-2C30-4EBE-A197-5188145D0E3E}.Debug|ARM.Build.0 = Debug|Any CPU
		{B77ADD57-2C30-4EBE-A197-5188145D0E3E}.Debug|iPhone.ActiveCfg = Debug|Any CPU
		{B77ADD57-2C30-4EBE-A197-5188145D0E3E}.Debug|iPhone.Build.0 = Debug|Any CPU
		{B77ADD57-2C30-4EBE-A197-5188145D0E3E}.Debug|iPhoneSimulator.ActiveCfg = Debug|Any CPU
		{B77ADD57-2C30-4EBE-A197-5188145D0E3E}.Debug|iPhoneSimulator.Build.0 = Debug|Any CPU
		{B77ADD57-2C30-4EBE-A197-5188145D0E3E}.Debug|x64.ActiveCfg = Debug|Any CPU
		{B77ADD57-2C30-4EBE-A197-5188145D0E3E}.Debug|x64.Build.0 = Debug|Any CPU
		{B77ADD57-2C30-4EBE-A197-5188145D0E3E}.Debug|x86.ActiveCfg = Debug|Any CPU
		{B77ADD57-2C30-4EBE-A197-5188145D0E3E}.Debug|x86.Build.0 = Debug|Any CPU
		{B77ADD57-2C30-4EBE-A197-5188145D0E3E}.Release|Any CPU.ActiveCfg = Release|Any CPU
		{B77ADD57-2C30-4EBE-A197-5188145D0E3E}.Release|Any CPU.Build.0 = Release|Any CPU
		{B77ADD57-2C30-4EBE-A197-5188145D0E3E}.Release|ARM.ActiveCfg = Release|Any CPU
		{B77ADD57-2C30-4EBE-A197-5188145D0E3E}.Release|ARM.Build.0 = Release|Any CPU
		{B77ADD57-2C30-4EBE-A197-5188145D0E3E}.Release|iPhone.ActiveCfg = Release|Any CPU
		{B77ADD57-2C30-4EBE-A197-5188145D0E3E}.Release|iPhone.Build.0 = Release|Any CPU
		{B77ADD57-2C30-4EBE-A197-5188145D0E3E}.Release|iPhoneSimulator.ActiveCfg = Release|Any CPU
		{B77ADD57-2C30-4EBE-A197-5188145D0E3E}.Release|iPhoneSimulator.Build.0 = Release|Any CPU
		{B77ADD57-2C30-4EBE-A197-5188145D0E3E}.Release|x64.ActiveCfg = Release|Any CPU
		{B77ADD57-2C30-4EBE-A197-5188145D0E3E}.Release|x64.Build.0 = Release|Any CPU
		{B77ADD57-2C30-4EBE-A197-5188145D0E3E}.Release|x86.ActiveCfg = Release|Any CPU
		{B77ADD57-2C30-4EBE-A197-5188145D0E3E}.Release|x86.Build.0 = Release|Any CPU
		{4A1FF820-9424-4806-A87B-8F2C50E5B651}.Ad-Hoc|Any CPU.ActiveCfg = Release|Any CPU
		{4A1FF820-9424-4806-A87B-8F2C50E5B651}.Ad-Hoc|Any CPU.Build.0 = Release|Any CPU
		{4A1FF820-9424-4806-A87B-8F2C50E5B651}.Ad-Hoc|ARM.ActiveCfg = Release|Any CPU
		{4A1FF820-9424-4806-A87B-8F2C50E5B651}.Ad-Hoc|ARM.Build.0 = Release|Any CPU
		{4A1FF820-9424-4806-A87B-8F2C50E5B651}.Ad-Hoc|iPhone.ActiveCfg = Release|Any CPU
		{4A1FF820-9424-4806-A87B-8F2C50E5B651}.Ad-Hoc|iPhone.Build.0 = Release|Any CPU
		{4A1FF820-9424-4806-A87B-8F2C50E5B651}.Ad-Hoc|iPhoneSimulator.ActiveCfg = Release|Any CPU
		{4A1FF820-9424-4806-A87B-8F2C50E5B651}.Ad-Hoc|iPhoneSimulator.Build.0 = Release|Any CPU
		{4A1FF820-9424-4806-A87B-8F2C50E5B651}.Ad-Hoc|x64.ActiveCfg = Release|Any CPU
		{4A1FF820-9424-4806-A87B-8F2C50E5B651}.Ad-Hoc|x64.Build.0 = Release|Any CPU
		{4A1FF820-9424-4806-A87B-8F2C50E5B651}.Ad-Hoc|x86.ActiveCfg = Release|Any CPU
		{4A1FF820-9424-4806-A87B-8F2C50E5B651}.Ad-Hoc|x86.Build.0 = Release|Any CPU
		{4A1FF820-9424-4806-A87B-8F2C50E5B651}.AppStore|Any CPU.ActiveCfg = Release|Any CPU
		{4A1FF820-9424-4806-A87B-8F2C50E5B651}.AppStore|Any CPU.Build.0 = Release|Any CPU
		{4A1FF820-9424-4806-A87B-8F2C50E5B651}.AppStore|ARM.ActiveCfg = Release|Any CPU
		{4A1FF820-9424-4806-A87B-8F2C50E5B651}.AppStore|ARM.Build.0 = Release|Any CPU
		{4A1FF820-9424-4806-A87B-8F2C50E5B651}.AppStore|iPhone.ActiveCfg = Release|Any CPU
		{4A1FF820-9424-4806-A87B-8F2C50E5B651}.AppStore|iPhone.Build.0 = Release|Any CPU
		{4A1FF820-9424-4806-A87B-8F2C50E5B651}.AppStore|iPhoneSimulator.ActiveCfg = Release|Any CPU
		{4A1FF820-9424-4806-A87B-8F2C50E5B651}.AppStore|iPhoneSimulator.Build.0 = Release|Any CPU
		{4A1FF820-9424-4806-A87B-8F2C50E5B651}.AppStore|x64.ActiveCfg = Release|Any CPU
		{4A1FF820-9424-4806-A87B-8F2C50E5B651}.AppStore|x64.Build.0 = Release|Any CPU
		{4A1FF820-9424-4806-A87B-8F2C50E5B651}.AppStore|x86.ActiveCfg = Release|Any CPU
		{4A1FF820-9424-4806-A87B-8F2C50E5B651}.AppStore|x86.Build.0 = Release|Any CPU
		{4A1FF820-9424-4806-A87B-8F2C50E5B651}.Debug|Any CPU.ActiveCfg = Debug|Any CPU
		{4A1FF820-9424-4806-A87B-8F2C50E5B651}.Debug|Any CPU.Build.0 = Debug|Any CPU
		{4A1FF820-9424-4806-A87B-8F2C50E5B651}.Debug|ARM.ActiveCfg = Debug|Any CPU
		{4A1FF820-9424-4806-A87B-8F2C50E5B651}.Debug|ARM.Build.0 = Debug|Any CPU
		{4A1FF820-9424-4806-A87B-8F2C50E5B651}.Debug|iPhone.ActiveCfg = Debug|Any CPU
		{4A1FF820-9424-4806-A87B-8F2C50E5B651}.Debug|iPhone.Build.0 = Debug|Any CPU
		{4A1FF820-9424-4806-A87B-8F2C50E5B651}.Debug|iPhoneSimulator.ActiveCfg = Debug|Any CPU
		{4A1FF820-9424-4806-A87B-8F2C50E5B651}.Debug|iPhoneSimulator.Build.0 = Debug|Any CPU
		{4A1FF820-9424-4806-A87B-8F2C50E5B651}.Debug|x64.ActiveCfg = Debug|Any CPU
		{4A1FF820-9424-4806-A87B-8F2C50E5B651}.Debug|x64.Build.0 = Debug|Any CPU
		{4A1FF820-9424-4806-A87B-8F2C50E5B651}.Debug|x86.ActiveCfg = Debug|Any CPU
		{4A1FF820-9424-4806-A87B-8F2C50E5B651}.Debug|x86.Build.0 = Debug|Any CPU
		{4A1FF820-9424-4806-A87B-8F2C50E5B651}.Release|Any CPU.ActiveCfg = Release|Any CPU
		{4A1FF820-9424-4806-A87B-8F2C50E5B651}.Release|Any CPU.Build.0 = Release|Any CPU
		{4A1FF820-9424-4806-A87B-8F2C50E5B651}.Release|ARM.ActiveCfg = Release|Any CPU
		{4A1FF820-9424-4806-A87B-8F2C50E5B651}.Release|ARM.Build.0 = Release|Any CPU
		{4A1FF820-9424-4806-A87B-8F2C50E5B651}.Release|iPhone.ActiveCfg = Release|Any CPU
		{4A1FF820-9424-4806-A87B-8F2C50E5B651}.Release|iPhone.Build.0 = Release|Any CPU
		{4A1FF820-9424-4806-A87B-8F2C50E5B651}.Release|iPhoneSimulator.ActiveCfg = Release|Any CPU
		{4A1FF820-9424-4806-A87B-8F2C50E5B651}.Release|iPhoneSimulator.Build.0 = Release|Any CPU
		{4A1FF820-9424-4806-A87B-8F2C50E5B651}.Release|x64.ActiveCfg = Release|Any CPU
		{4A1FF820-9424-4806-A87B-8F2C50E5B651}.Release|x64.Build.0 = Release|Any CPU
		{4A1FF820-9424-4806-A87B-8F2C50E5B651}.Release|x86.ActiveCfg = Release|Any CPU
		{4A1FF820-9424-4806-A87B-8F2C50E5B651}.Release|x86.Build.0 = Release|Any CPU
		{486EF955-A7DC-4D40-8B8E-B575EFE398B5}.Ad-Hoc|Any CPU.ActiveCfg = Release|Any CPU
		{486EF955-A7DC-4D40-8B8E-B575EFE398B5}.Ad-Hoc|Any CPU.Build.0 = Release|Any CPU
		{486EF955-A7DC-4D40-8B8E-B575EFE398B5}.Ad-Hoc|ARM.ActiveCfg = Release|Any CPU
		{486EF955-A7DC-4D40-8B8E-B575EFE398B5}.Ad-Hoc|ARM.Build.0 = Release|Any CPU
		{486EF955-A7DC-4D40-8B8E-B575EFE398B5}.Ad-Hoc|iPhone.ActiveCfg = Release|Any CPU
		{486EF955-A7DC-4D40-8B8E-B575EFE398B5}.Ad-Hoc|iPhone.Build.0 = Release|Any CPU
		{486EF955-A7DC-4D40-8B8E-B575EFE398B5}.Ad-Hoc|iPhoneSimulator.ActiveCfg = Release|Any CPU
		{486EF955-A7DC-4D40-8B8E-B575EFE398B5}.Ad-Hoc|iPhoneSimulator.Build.0 = Release|Any CPU
		{486EF955-A7DC-4D40-8B8E-B575EFE398B5}.Ad-Hoc|x64.ActiveCfg = Release|Any CPU
		{486EF955-A7DC-4D40-8B8E-B575EFE398B5}.Ad-Hoc|x64.Build.0 = Release|Any CPU
		{486EF955-A7DC-4D40-8B8E-B575EFE398B5}.Ad-Hoc|x86.ActiveCfg = Release|Any CPU
		{486EF955-A7DC-4D40-8B8E-B575EFE398B5}.Ad-Hoc|x86.Build.0 = Release|Any CPU
		{486EF955-A7DC-4D40-8B8E-B575EFE398B5}.AppStore|Any CPU.ActiveCfg = Release|Any CPU
		{486EF955-A7DC-4D40-8B8E-B575EFE398B5}.AppStore|Any CPU.Build.0 = Release|Any CPU
		{486EF955-A7DC-4D40-8B8E-B575EFE398B5}.AppStore|ARM.ActiveCfg = Release|Any CPU
		{486EF955-A7DC-4D40-8B8E-B575EFE398B5}.AppStore|ARM.Build.0 = Release|Any CPU
		{486EF955-A7DC-4D40-8B8E-B575EFE398B5}.AppStore|iPhone.ActiveCfg = Release|Any CPU
		{486EF955-A7DC-4D40-8B8E-B575EFE398B5}.AppStore|iPhone.Build.0 = Release|Any CPU
		{486EF955-A7DC-4D40-8B8E-B575EFE398B5}.AppStore|iPhoneSimulator.ActiveCfg = Release|Any CPU
		{486EF955-A7DC-4D40-8B8E-B575EFE398B5}.AppStore|iPhoneSimulator.Build.0 = Release|Any CPU
		{486EF955-A7DC-4D40-8B8E-B575EFE398B5}.AppStore|x64.ActiveCfg = Release|Any CPU
		{486EF955-A7DC-4D40-8B8E-B575EFE398B5}.AppStore|x64.Build.0 = Release|Any CPU
		{486EF955-A7DC-4D40-8B8E-B575EFE398B5}.AppStore|x86.ActiveCfg = Release|Any CPU
		{486EF955-A7DC-4D40-8B8E-B575EFE398B5}.AppStore|x86.Build.0 = Release|Any CPU
		{486EF955-A7DC-4D40-8B8E-B575EFE398B5}.Debug|Any CPU.ActiveCfg = Debug|Any CPU
		{486EF955-A7DC-4D40-8B8E-B575EFE398B5}.Debug|Any CPU.Build.0 = Debug|Any CPU
		{486EF955-A7DC-4D40-8B8E-B575EFE398B5}.Debug|ARM.ActiveCfg = Debug|Any CPU
		{486EF955-A7DC-4D40-8B8E-B575EFE398B5}.Debug|ARM.Build.0 = Debug|Any CPU
		{486EF955-A7DC-4D40-8B8E-B575EFE398B5}.Debug|iPhone.ActiveCfg = Debug|Any CPU
		{486EF955-A7DC-4D40-8B8E-B575EFE398B5}.Debug|iPhone.Build.0 = Debug|Any CPU
		{486EF955-A7DC-4D40-8B8E-B575EFE398B5}.Debug|iPhoneSimulator.ActiveCfg = Debug|Any CPU
		{486EF955-A7DC-4D40-8B8E-B575EFE398B5}.Debug|iPhoneSimulator.Build.0 = Debug|Any CPU
		{486EF955-A7DC-4D40-8B8E-B575EFE398B5}.Debug|x64.ActiveCfg = Debug|Any CPU
		{486EF955-A7DC-4D40-8B8E-B575EFE398B5}.Debug|x64.Build.0 = Debug|Any CPU
		{486EF955-A7DC-4D40-8B8E-B575EFE398B5}.Debug|x86.ActiveCfg = Debug|Any CPU
		{486EF955-A7DC-4D40-8B8E-B575EFE398B5}.Debug|x86.Build.0 = Debug|Any CPU
		{486EF955-A7DC-4D40-8B8E-B575EFE398B5}.Release|Any CPU.ActiveCfg = Release|Any CPU
		{486EF955-A7DC-4D40-8B8E-B575EFE398B5}.Release|Any CPU.Build.0 = Release|Any CPU
		{486EF955-A7DC-4D40-8B8E-B575EFE398B5}.Release|ARM.ActiveCfg = Release|Any CPU
		{486EF955-A7DC-4D40-8B8E-B575EFE398B5}.Release|ARM.Build.0 = Release|Any CPU
		{486EF955-A7DC-4D40-8B8E-B575EFE398B5}.Release|iPhone.ActiveCfg = Release|Any CPU
		{486EF955-A7DC-4D40-8B8E-B575EFE398B5}.Release|iPhone.Build.0 = Release|Any CPU
		{486EF955-A7DC-4D40-8B8E-B575EFE398B5}.Release|iPhoneSimulator.ActiveCfg = Release|Any CPU
		{486EF955-A7DC-4D40-8B8E-B575EFE398B5}.Release|iPhoneSimulator.Build.0 = Release|Any CPU
		{486EF955-A7DC-4D40-8B8E-B575EFE398B5}.Release|x64.ActiveCfg = Release|Any CPU
		{486EF955-A7DC-4D40-8B8E-B575EFE398B5}.Release|x64.Build.0 = Release|Any CPU
		{486EF955-A7DC-4D40-8B8E-B575EFE398B5}.Release|x86.ActiveCfg = Release|Any CPU
		{486EF955-A7DC-4D40-8B8E-B575EFE398B5}.Release|x86.Build.0 = Release|Any CPU
		{B0A45949-53B9-49F9-B597-867E6972BB1D}.Ad-Hoc|Any CPU.ActiveCfg = Release|Any CPU
		{B0A45949-53B9-49F9-B597-867E6972BB1D}.Ad-Hoc|Any CPU.Build.0 = Release|Any CPU
		{B0A45949-53B9-49F9-B597-867E6972BB1D}.Ad-Hoc|ARM.ActiveCfg = Release|Any CPU
		{B0A45949-53B9-49F9-B597-867E6972BB1D}.Ad-Hoc|ARM.Build.0 = Release|Any CPU
		{B0A45949-53B9-49F9-B597-867E6972BB1D}.Ad-Hoc|iPhone.ActiveCfg = Release|Any CPU
		{B0A45949-53B9-49F9-B597-867E6972BB1D}.Ad-Hoc|iPhone.Build.0 = Release|Any CPU
		{B0A45949-53B9-49F9-B597-867E6972BB1D}.Ad-Hoc|iPhoneSimulator.ActiveCfg = Release|Any CPU
		{B0A45949-53B9-49F9-B597-867E6972BB1D}.Ad-Hoc|iPhoneSimulator.Build.0 = Release|Any CPU
		{B0A45949-53B9-49F9-B597-867E6972BB1D}.Ad-Hoc|x64.ActiveCfg = Release|Any CPU
		{B0A45949-53B9-49F9-B597-867E6972BB1D}.Ad-Hoc|x64.Build.0 = Release|Any CPU
		{B0A45949-53B9-49F9-B597-867E6972BB1D}.Ad-Hoc|x86.ActiveCfg = Release|Any CPU
		{B0A45949-53B9-49F9-B597-867E6972BB1D}.Ad-Hoc|x86.Build.0 = Release|Any CPU
		{B0A45949-53B9-49F9-B597-867E6972BB1D}.AppStore|Any CPU.ActiveCfg = Release|Any CPU
		{B0A45949-53B9-49F9-B597-867E6972BB1D}.AppStore|Any CPU.Build.0 = Release|Any CPU
		{B0A45949-53B9-49F9-B597-867E6972BB1D}.AppStore|ARM.ActiveCfg = Release|Any CPU
		{B0A45949-53B9-49F9-B597-867E6972BB1D}.AppStore|ARM.Build.0 = Release|Any CPU
		{B0A45949-53B9-49F9-B597-867E6972BB1D}.AppStore|iPhone.ActiveCfg = Release|Any CPU
		{B0A45949-53B9-49F9-B597-867E6972BB1D}.AppStore|iPhone.Build.0 = Release|Any CPU
		{B0A45949-53B9-49F9-B597-867E6972BB1D}.AppStore|iPhoneSimulator.ActiveCfg = Release|Any CPU
		{B0A45949-53B9-49F9-B597-867E6972BB1D}.AppStore|iPhoneSimulator.Build.0 = Release|Any CPU
		{B0A45949-53B9-49F9-B597-867E6972BB1D}.AppStore|x64.ActiveCfg = Release|Any CPU
		{B0A45949-53B9-49F9-B597-867E6972BB1D}.AppStore|x64.Build.0 = Release|Any CPU
		{B0A45949-53B9-49F9-B597-867E6972BB1D}.AppStore|x86.ActiveCfg = Release|Any CPU
		{B0A45949-53B9-49F9-B597-867E6972BB1D}.AppStore|x86.Build.0 = Release|Any CPU
		{B0A45949-53B9-49F9-B597-867E6972BB1D}.Debug|Any CPU.ActiveCfg = Debug|Any CPU
		{B0A45949-53B9-49F9-B597-867E6972BB1D}.Debug|Any CPU.Build.0 = Debug|Any CPU
		{B0A45949-53B9-49F9-B597-867E6972BB1D}.Debug|ARM.ActiveCfg = Debug|Any CPU
		{B0A45949-53B9-49F9-B597-867E6972BB1D}.Debug|ARM.Build.0 = Debug|Any CPU
		{B0A45949-53B9-49F9-B597-867E6972BB1D}.Debug|iPhone.ActiveCfg = Debug|Any CPU
		{B0A45949-53B9-49F9-B597-867E6972BB1D}.Debug|iPhone.Build.0 = Debug|Any CPU
		{B0A45949-53B9-49F9-B597-867E6972BB1D}.Debug|iPhoneSimulator.ActiveCfg = Debug|Any CPU
		{B0A45949-53B9-49F9-B597-867E6972BB1D}.Debug|iPhoneSimulator.Build.0 = Debug|Any CPU
		{B0A45949-53B9-49F9-B597-867E6972BB1D}.Debug|x64.ActiveCfg = Debug|Any CPU
		{B0A45949-53B9-49F9-B597-867E6972BB1D}.Debug|x64.Build.0 = Debug|Any CPU
		{B0A45949-53B9-49F9-B597-867E6972BB1D}.Debug|x86.ActiveCfg = Debug|Any CPU
		{B0A45949-53B9-49F9-B597-867E6972BB1D}.Debug|x86.Build.0 = Debug|Any CPU
		{B0A45949-53B9-49F9-B597-867E6972BB1D}.Release|Any CPU.ActiveCfg = Release|Any CPU
		{B0A45949-53B9-49F9-B597-867E6972BB1D}.Release|Any CPU.Build.0 = Release|Any CPU
		{B0A45949-53B9-49F9-B597-867E6972BB1D}.Release|ARM.ActiveCfg = Release|Any CPU
		{B0A45949-53B9-49F9-B597-867E6972BB1D}.Release|ARM.Build.0 = Release|Any CPU
		{B0A45949-53B9-49F9-B597-867E6972BB1D}.Release|iPhone.ActiveCfg = Release|Any CPU
		{B0A45949-53B9-49F9-B597-867E6972BB1D}.Release|iPhone.Build.0 = Release|Any CPU
		{B0A45949-53B9-49F9-B597-867E6972BB1D}.Release|iPhoneSimulator.ActiveCfg = Release|Any CPU
		{B0A45949-53B9-49F9-B597-867E6972BB1D}.Release|iPhoneSimulator.Build.0 = Release|Any CPU
		{B0A45949-53B9-49F9-B597-867E6972BB1D}.Release|x64.ActiveCfg = Release|Any CPU
		{B0A45949-53B9-49F9-B597-867E6972BB1D}.Release|x64.Build.0 = Release|Any CPU
		{B0A45949-53B9-49F9-B597-867E6972BB1D}.Release|x86.ActiveCfg = Release|Any CPU
		{B0A45949-53B9-49F9-B597-867E6972BB1D}.Release|x86.Build.0 = Release|Any CPU
	EndGlobalSection
	GlobalSection(SolutionProperties) = preSolution
		HideSolutionNode = FALSE
	EndGlobalSection
	GlobalSection(ExtensibilityGlobals) = postSolution
		SolutionGuid = {2E439BF6-544A-4033-807E-A4080A5237E3}
	EndGlobalSection
EndGlobal
